{
  "projects": [
    {
      "projectId": "kS7YGZfVr6mU43XDQjXELc",
      "version": "0.15.0",
      "dependencies": {},
      "lang": "ts",
      "fileLocks": [
        {
          "assetId": "kS7YGZfVr6mU43XDQjXELc",
          "type": "projectCss",
          "checksum": "e1ec850476829c38b0f9b6d4f7ac446a"
        }
      ],
      "codegenVersion": "0.0.1"
    },
    {
      "projectId": "9Vr5YWkf3w7jj6SsTcCEta",
      "version": "0.10.0",
      "dependencies": {},
      "lang": "ts",
      "fileLocks": [
        {
          "assetId": "9Vr5YWkf3w7jj6SsTcCEta",
          "type": "projectCss",
          "checksum": "e1ec850476829c38b0f9b6d4f7ac446a"
        }
      ],
      "codegenVersion": "0.0.1"
    },
    {
      "projectId": "jkU633o1Cz7HrJdwdxhVHk",
      "version": "16.10.0",
      "dependencies": {},
      "lang": "ts",
      "fileLocks": [
        {
          "assetId": "jkU633o1Cz7HrJdwdxhVHk",
          "type": "projectCss",
          "checksum": "0581d4378bb1604bb5fe3f65bb0a37de"
        }
      ],
      "codegenVersion": "0.0.1"
    },
    {
      "projectId": "ohDidvG9XsCeFumugENU3J",
      "version": "6.24.0",
      "dependencies": {},
      "lang": "ts",
      "fileLocks": [
        {
          "assetId": "ohDidvG9XsCeFumugENU3J",
          "type": "projectCss",
          "checksum": "fd83b730367fdbde2c69bc6cf31c2a3c"
        },
        {
          "assetId": "ohDidvG9XsCeFumugENU3J",
          "checksum": "de0a0e65174a6a185a8f822af51c6bdd",
          "type": "globalContexts"
        }
      ],
      "codegenVersion": "0.0.1"
    },
    {
      "projectId": "p813zMkDftvWK6P1GMVxsb",
      "version": "latest",
      "dependencies": {
        "ohDidvG9XsCeFumugENU3J": "6.24.0",
        "jkU633o1Cz7HrJdwdxhVHk": "16.10.0",
        "9Vr5YWkf3w7jj6SsTcCEta": "0.10.0",
        "kS7YGZfVr6mU43XDQjXELc": "0.15.0"
      },
      "lang": "ts",
      "fileLocks": [
        {
          "type": "globalVariant",
          "assetId": "g5qd_yjps_G2",
          "checksum": "d6eedae093f80a8215a94fad14148c73"
        },
        {
          "assetId": "p813zMkDftvWK6P1GMVxsb",
          "checksum": "bf28536c9e6a7258e3dd0e02a0e67374",
          "type": "globalContexts"
        },
        {
          "type": "renderModule",
          "assetId": "tBqbNkGmvxWn",
          "checksum": "069b98ecd1588b371ed17901dad16d8b"
        },
        {
          "type": "cssRules",
          "assetId": "tBqbNkGmvxWn",
          "checksum": "069b98ecd1588b371ed17901dad16d8b"
        },
        {
          "type": "renderModule",
          "assetId": "iHN02Z7Ce-m0",
          "checksum": "8a9ea1276fdc22c98dbe3be02aaa7a3e"
        },
        {
          "type": "cssRules",
          "assetId": "iHN02Z7Ce-m0",
          "checksum": "8a9ea1276fdc22c98dbe3be02aaa7a3e"
        },
        {
          "type": "renderModule",
          "assetId": "qpvwlkqzYTfT",
          "checksum": "092fc16a26575eaa43e60c873c7f7e9a"
        },
        {
          "type": "cssRules",
          "assetId": "qpvwlkqzYTfT",
          "checksum": "092fc16a26575eaa43e60c873c7f7e9a"
        },
        {
          "type": "renderModule",
          "assetId": "V58KfADfW6w8",
          "checksum": "f1a8c719e8dd165599f297961293e713"
        },
        {
          "type": "cssRules",
          "assetId": "V58KfADfW6w8",
          "checksum": "f1a8c719e8dd165599f297961293e713"
        },
        {
          "type": "renderModule",
          "assetId": "dHn7-OQqbdeu",
          "checksum": "046570783b721e1792475e4ebebdc907"
        },
        {
          "type": "cssRules",
          "assetId": "dHn7-OQqbdeu",
          "checksum": "046570783b721e1792475e4ebebdc907"
        },
        {
          "type": "renderModule",
          "assetId": "yCiMwYtlyB0j",
          "checksum": "a8738792eb1f7b7ab96c62c57e7f873a"
        },
        {
          "type": "cssRules",
          "assetId": "yCiMwYtlyB0j",
          "checksum": "a8738792eb1f7b7ab96c62c57e7f873a"
        },
        {
          "type": "renderModule",
          "assetId": "kMGvBSUp8IWn",
          "checksum": "fc2cd08869c6b2b577c048f038abe074"
        },
        {
          "type": "cssRules",
          "assetId": "kMGvBSUp8IWn",
          "checksum": "fc2cd08869c6b2b577c048f038abe074"
        },
        {
          "type": "renderModule",
          "assetId": "fE0U6OCFCawv",
          "checksum": "ed974613bffe1750c41d09eec6165066"
        },
        {
          "type": "cssRules",
          "assetId": "fE0U6OCFCawv",
          "checksum": "ed974613bffe1750c41d09eec6165066"
        },
        {
          "type": "icon",
          "assetId": "5FEOFfSSSVoM",
          "checksum": "c3caf448872a3eb35ef2f2326619c972"
        },
        {
          "type": "icon",
          "assetId": "zLGWSKuiFpcV",
          "checksum": "37ae60c3711837f51f96144552c75a16"
        },
        {
          "type": "image",
          "assetId": "EzTIW3eXZfJB",
          "checksum": "e3edcc0267ad6b1df98225cc0560ce95"
        },
        {
          "type": "image",
          "assetId": "f5fYgqzQKVpH",
          "checksum": "10f4b795e90b4b095d70fccab0255c62"
        },
        {
          "type": "image",
          "assetId": "pEbnCBwiPfv0",
          "checksum": "be9ec804ce34242ab7ade64b1c993a81"
        },
        {
          "type": "image",
          "assetId": "QUxX2LE6XHoP",
          "checksum": "6caabaf426ecfdd176aacd22d9a26260"
        },
        {
          "type": "image",
          "assetId": "BJITK0H29lmh",
          "checksum": "980dda7378380a3c78bf268987983f8f"
        },
        {
          "type": "image",
          "assetId": "i8LLHaZxI_jw",
          "checksum": "b5e6d2083af8f760720a0a70113ba57d"
        },
        {
          "type": "image",
          "assetId": "qjAwhwLhsqxH",
          "checksum": "488bffa0d7ebf4fbb07a3870f74ffcb8"
        },
        {
          "type": "image",
          "assetId": "R9JsPcRpl6Qx",
          "checksum": "a40cfa7ec38122b561375d3369a90afe"
        },
        {
          "type": "image",
          "assetId": "XOG2zmjse1zY",
          "checksum": "48d10a7441f668db72f5d19e6940e05f"
        },
        {
          "type": "image",
          "assetId": "OdV0l8e6Vptm",
          "checksum": "078b02431b24a7ecab7025f7051eb247"
        },
        {
          "type": "image",
          "assetId": "cwOww_zmknw2",
          "checksum": "3d2f4cbcdb71066b86f40908f12ea6e8"
        },
        {
          "type": "image",
          "assetId": "8kOEuzXvuV2M",
          "checksum": "b697f2e297a7aa4e31cafdda732bf72d"
        },
        {
          "type": "image",
          "assetId": "T-sfeG1hMbqB",
          "checksum": "d39aa3b6b44953903b2590d384893270"
        },
        {
          "type": "image",
          "assetId": "pIwjT_7RB5LA",
          "checksum": "73867885ec3d620304ae28f6acf638bb"
        },
        {
          "type": "image",
          "assetId": "zhR4DGcLd41z",
          "checksum": "3764a642848f241340bb5653711adace"
        },
        {
          "type": "image",
          "assetId": "ePes9AevMKJO",
          "checksum": "d927f940dc4fce7b2225fef664ff76e3"
        },
        {
          "assetId": "p813zMkDftvWK6P1GMVxsb",
          "type": "projectCss",
          "checksum": "7aa4f80ae78c3804ed7e17a7e5b0bb45"
        }
      ],
      "codegenVersion": "0.0.1"
    }
  ],
  "cliVersion": "0.1.330"
}
